
Microsoft Visual Studio Solution File, Format Version 12.00
# Visual Studio 15
VisualStudioVersion = 15.0.27703.2042
MinimumVisualStudioVersion = 10.0.40219.1
Project("{FAE04EC0-301F-11D3-BF4B-00C04F79EFBC}") = "Task_1", "Task_1\Task_1.csproj", "{FBA3C33A-BFFF-4E06-9C1F-E4E8FE9935A9}"
EndProject
Global
	GlobalSection(SolutionConfigurationPlatforms) = preSolution
		Debug|Any CPU = Debug|Any CPU
		Release|Any CPU = Release|Any CPU
	EndGlobalSection
	GlobalSection(ProjectConfigurationPlatforms) = postSolution
		{FBA3C33A-BFFF-4E06-9C1F-E4E8FE9935A9}.Debug|Any CPU.ActiveCfg = Debug|Any CPU
		{FBA3C33A-BFFF-4E06-9C1F-E4E8FE9935A9}.Debug|Any CPU.Build.0 = Debug|Any CPU
		{FBA3C33A-BFFF-4E06-9C1F-E4E8FE9935A9}.Release|Any CPU.ActiveCfg = Release|Any CPU
		{FBA3C33A-BFFF-4E06-9C1F-E4E8FE9935A9}.Release|Any CPU.Build.0 = Release|Any CPU
	EndGlobalSection
	GlobalSection(SolutionProperties) = preSolution
		HideSolutionNode = FALSE
	EndGlobalSection
	GlobalSection(ExtensibilityGlobals) = postSolution
		SolutionGuid = {E6BB6436-0712-429E-8645-D9DD4BF7C32C}
	EndGlobalSection
EndGlobal
